
Microsoft Visual Studio Solution File, Format Version 12.00
# Visual Studio Version 16
VisualStudioVersion = 16.0.30717.126
MinimumVisualStudioVersion = 10.0.40219.1
Project("{FAE04EC0-301F-11D3-BF4B-00C04F79EFBC}") = "vuejs", "vuejs\vuejs.csproj", "{DCF0EC8B-5035-48D8-B03F-3E193EE4B836}"
EndProject
Global
	GlobalSection(SolutionConfigurationPlatforms) = preSolution
		Debug|Any CPU = Debug|Any CPU
		Release|Any CPU = Release|Any CPU
	EndGlobalSection
	GlobalSection(ProjectConfigurationPlatforms) = postSolution
		{DCF0EC8B-5035-48D8-B03F-3E193EE4B836}.Debug|Any CPU.ActiveCfg = Debug|Any CPU
		{DCF0EC8B-5035-48D8-B03F-3E193EE4B836}.Debug|Any CPU.Build.0 = Debug|Any CPU
		{DCF0EC8B-5035-48D8-B03F-3E193EE4B836}.Release|Any CPU.ActiveCfg = Release|Any CPU
		{DCF0EC8B-5035-48D8-B03F-3E193EE4B836}.Release|Any CPU.Build.0 = Release|Any CPU
	EndGlobalSection
	GlobalSection(SolutionProperties) = preSolution
		HideSolutionNode = FALSE
	EndGlobalSection
	GlobalSection(ExtensibilityGlobals) = postSolution
		SolutionGuid = {B594ED14-8CDB-484C-9F30-0A7B634DA030}
	EndGlobalSection
EndGlobal
